// !$*UTF8*$!
{
	archiveVersion = 1;
	classes = {
	};
	objectVersion = 46;
	objects = {

/* Begin PBXBuildFile section */
		DB4C4CC61B0D457A002C9C36 /* AppDelegate.swift in Sources */ = {isa = PBXBuildFile; fileRef = DB4C4CC51B0D457A002C9C36 /* AppDelegate.swift */; };
		DB4C4CC81B0D457A002C9C36 /* ViewController.swift in Sources */ = {isa = PBXBuildFile; fileRef = DB4C4CC71B0D457A002C9C36 /* ViewController.swift */; };
		DB4C4CCB1B0D457A002C9C36 /* Main.storyboard in Resources */ = {isa = PBXBuildFile; fileRef = DB4C4CC91B0D457A002C9C36 /* Main.storyboard */; };
		DB4C4CCD1B0D457A002C9C36 /* Images.xcassets in Resources */ = {isa = PBXBuildFile; fileRef = DB4C4CCC1B0D457A002C9C36 /* Images.xcassets */; };
		DB4C4CD01B0D457A002C9C36 /* LaunchScreen.xib in Resources */ = {isa = PBXBuildFile; fileRef = DB4C4CCE1B0D457A002C9C36 /* LaunchScreen.xib */; };
		DB4C4CDC1B0D457A002C9C36 /* Postcard2Tests.swift in Sources */ = {isa = PBXBuildFile; fileRef = DB4C4CDB1B0D457A002C9C36 /* Postcard2Tests.swift */; };
		DBF3B31E1B0D50B600F74558 /* SagradaFamilia.jpeg in Resources */ = {isa = PBXBuildFile; fileRef = DBF3B31D1B0D50B600F74558 /* SagradaFamilia.jpeg */; };
		DBF3B3201B0D589100F74558 /* AlbertEinsteinStamp.jpg in Resources */ = {isa = PBXBuildFile; fileRef = DBF3B31F1B0D589100F74558 /* AlbertEinsteinStamp.jpg */; };
/* End PBXBuildFile section */

/* Begin PBXContainerItemProxy section */
		DB4C4CD61B0D457A002C9C36 /* PBXContainerItemProxy */ = {
			isa = PBXContainerItemProxy;
			containerPortal = DB4C4CB81B0D457A002C9C36 /* Project object */;
			proxyType = 1;
			remoteGlobalIDString = DB4C4CBF1B0D457A002C9C36;
			remoteInfo = Postcard2;
		};
/* End PBXContainerItemProxy section */

/* Begin PBXFileReference section */
		DB4C4CC01B0D457A002C9C36 /* Postcard2.app */ = {isa = PBXFileReference; explicitFileType = wrapper.application; includeInIndex = 0; path = Postcard2.app; sourceTree = BUILT_PRODUCTS_DIR; };
		DB4C4CC41B0D457A002C9C36 /* Info.plist */ = {isa = PBXFileReference; lastKnownFileType = text.plist.xml; path = Info.plist; sourceTree = "<group>"; };
		DB4C4CC51B0D457A002C9C36 /* AppDelegate.swift */ = {isa = PBXFileReference; lastKnownFileType = sourcecode.swift; path = AppDelegate.swift; sourceTree = "<group>"; };
		DB4C4CC71B0D457A002C9C36 /* ViewController.swift */ = {isa = PBXFileReference; lastKnownFileType = sourcecode.swift; path = ViewController.swift; sourceTree = "<group>"; };
		DB4C4CCA1B0D457A002C9C36 /* Base */ = {isa = PBXFileReference; lastKnownFileType = file.storyboard; name = Base; path = Base.lproj/Main.storyboard; sourceTree = "<group>"; };
		DB4C4CCC1B0D457A002C9C36 /* Images.xcassets */ = {isa = PBXFileReference; lastKnownFileType = folder.assetcatalog; path = Images.xcassets; sourceTree = "<group>"; };
		DB4C4CCF1B0D457A002C9C36 /* Base */ = {isa = PBXFileReference; lastKnownFileType = file.xib; name = Base; path = Base.lproj/LaunchScreen.xib; sourceTree = "<group>"; };
		DB4C4CD51B0D457A002C9C36 /* Postcard2Tests.xctest */ = {isa = PBXFileReference; explicitFileType = wrapper.cfbundle; includeInIndex = 0; path = Postcard2Tests.xctest; sourceTree = BUILT_PRODUCTS_DIR; };
		DB4C4CDA1B0D457A002C9C36 /* Info.plist */ = {isa = PBXFileReference; lastKnownFileType = text.plist.xml; path = Info.plist; sourceTree = "<group>"; };
		DB4C4CDB1B0D457A002C9C36 /* Postcard2Tests.swift */ = {isa = PBXFileReference; lastKnownFileType = sourcecode.swift; path = Postcard2Tests.swift; sourceTree = "<group>"; };
		DBF3B31D1B0D50B600F74558 /* SagradaFamilia.jpeg */ = {isa = PBXFileReference; lastKnownFileType = image.jpeg; path = SagradaFamilia.jpeg; sourceTree = "<group>"; };
		DBF3B31F1B0D589100F74558 /* AlbertEinsteinStamp.jpg */ = {isa = PBXFileReference; lastKnownFileType = image.jpeg; path = AlbertEinsteinStamp.jpg; sourceTree = "<group>"; };
/* End PBXFileReference section */

/* Begin PBXFrameworksBuildPhase section */
		DB4C4CBD1B0D457A002C9C36 /* Frameworks */ = {
			isa = PBXFrameworksBuildPhase;
			buildActionMask = 2147483647;
			files = (
			);
			runOnlyForDeploymentPostprocessing = 0;
		};
		DB4C4CD21B0D457A002C9C36 /* Frameworks */ = {
			isa = PBXFrameworksBuildPhase;
			buildActionMask = 2147483647;
			files = (
			);
			runOnlyForDeploymentPostprocessing = 0;
		};
/* End PBXFrameworksBuildPhase section */

/* Begin PBXGroup section */
		DB4C4CB71B0D457A002C9C36 = {
			isa = PBXGroup;
			children = (
				DB4C4CC21B0D457A002C9C36 /* Postcard2 */,
				DB4C4CD81B0D457A002C9C36 /* Postcard2Tests */,
				DB4C4CC11B0D457A002C9C36 /* Products */,
			);
			sourceTree = "<group>";
		};
		DB4C4CC11B0D457A002C9C36 /* Products */ = {
			isa = PBXGroup;
			children = (
				DB4C4CC01B0D457A002C9C36 /* Postcard2.app */,
				DB4C4CD51B0D457A002C9C36 /* Postcard2Tests.xctest */,
			);
			name = Products;
			sourceTree = "<group>";
		};
		DB4C4CC21B0D457A002C9C36 /* Postcard2 */ = {
			isa = PBXGroup;
			children = (
				DB4C4CC51B0D457A002C9C36 /* AppDelegate.swift */,
				DB4C4CC71B0D457A002C9C36 /* ViewController.swift */,
				DB4C4CC91B0D457A002C9C36 /* Main.storyboard */,
				DB4C4CCC1B0D457A002C9C36 /* Images.xcassets */,
				DB4C4CCE1B0D457A002C9C36 /* LaunchScreen.xib */,
				DB4C4CC31B0D457A002C9C36 /* Supporting Files */,
			);
			path = Postcard2;
			sourceTree = "<group>";
		};
		DB4C4CC31B0D457A002C9C36 /* Supporting Files */ = {
			isa = PBXGroup;
			children = (
				DBF3B31D1B0D50B600F74558 /* SagradaFamilia.jpeg */,
				DBF3B31F1B0D589100F74558 /* AlbertEinsteinStamp.jpg */,
				DB4C4CC41B0D457A002C9C36 /* Info.plist */,
			);
			name = "Supporting Files";
			sourceTree = "<group>";
		};
		DB4C4CD81B0D457A002C9C36 /* Postcard2Tests */ = {
			isa = PBXGroup;
			children = (
				DB4C4CDB1B0D457A002C9C36 /* Postcard2Tests.swift */,
				DB4C4CD91B0D457A002C9C36 /* Supporting Files */,
			);
			path = Postcard2Tests;
			sourceTree = "<group>";
		};
		DB4C4CD91B0D457A002C9C36 /* Supporting Files */ = {
			isa = PBXGroup;
			children = (
				DB4C4CDA1B0D457A002C9C36 /* Info.plist */,
			);
			name = "Supporting Files";
			sourceTree = "<group>";
		};
/* End PBXGroup section */

/* Begin PBXNativeTarget section */
		DB4C4CBF1B0D457A002C9C36 /* Postcard2 */ = {
			isa = PBXNativeTarget;
			buildConfigurationList = DB4C4CDF1B0D457A002C9C36 /* Build configuration list for PBXNativeTarget "Postcard2" */;
			buildPhases = (
				DB4C4CBC1B0D457A002C9C36 /* Sources */,
				DB4C4CBD1B0D457A002C9C36 /* Frameworks */,
				DB4C4CBE1B0D457A002C9C36 /* Resources */,
			);
			buildRules = (
			);
			dependencies = (
			);
			name = Postcard2;
			productName = Postcard2;
			productReference = DB4C4CC01B0D457A002C9C36 /* Postcard2.app */;
			productType = "com.apple.product-type.application";
		};
		DB4C4CD41B0D457A002C9C36 /* Postcard2Tests */ = {
			isa = PBXNativeTarget;
			buildConfigurationList = DB4C4CE21B0D457A002C9C36 /* Build configuration list for PBXNativeTarget "Postcard2Tests" */;
			buildPhases = (
				DB4C4CD11B0D457A002C9C36 /* Sources */,
				DB4C4CD21B0D457A002C9C36 /* Frameworks */,
				DB4C4CD31B0D457A002C9C36 /* Resources */,
			);
			buildRules = (
			);
			dependencies = (
				DB4C4CD71B0D457A002C9C36 /* PBXTargetDependency */,
			);
			name = Postcard2Tests;
			productName = Postcard2Tests;
			productReference = DB4C4CD51B0D457A002C9C36 /* Postcard2Tests.xctest */;
			productType = "com.apple.product-type.bundle.unit-test";
		};
/* End PBXNativeTarget section */

/* Begin PBXProject section */
		DB4C4CB81B0D457A002C9C36 /* Project object */ = {
			isa = PBXProject;
			attributes = {
				LastUpgradeCheck = 0630;
				ORGANIZATIONNAME = "Eric Andrews";
				TargetAttributes = {
					DB4C4CBF1B0D457A002C9C36 = {
						CreatedOnToolsVersion = 6.3.2;
					};
					DB4C4CD41B0D457A002C9C36 = {
						CreatedOnToolsVersion = 6.3.2;
						TestTargetID = DB4C4CBF1B0D457A002C9C36;
					};
				};
			};
			buildConfigurationList = DB4C4CBB1B0D457A002C9C36 /* Build configuration list for PBXProject "Postcard2" */;
			compatibilityVersion = "Xcode 3.2";
			developmentRegion = English;
			hasScannedForEncodings = 0;
			knownRegions = (
				en,
				Base,
			);
			mainGroup = DB4C4CB71B0D457A002C9C36;
			productRefGroup = DB4C4CC11B0D457A002C9C36 /* Products */;
			projectDirPath = "";
			projectRoot = "";
			targets = (
				DB4C4CBF1B0D457A002C9C36 /* Postcard2 */,
				DB4C4CD41B0D457A002C9C36 /* Postcard2Tests */,
			);
		};
/* End PBXProject section */

/* Begin PBXResourcesBuildPhase section */
		DB4C4CBE1B0D457A002C9C36 /* Resources */ = {
			isa = PBXResourcesBuildPhase;
			buildActionMask = 2147483647;
			files = (
				DB4C4CCB1B0D457A002C9C36 /* Main.storyboard in Resources */,
				DBF3B31E1B0D50B600F74558 /* SagradaFamilia.jpeg in Resources */,
				DBF3B3201B0D589100F74558 /* AlbertEinsteinStamp.jpg in Resources */,
				DB4C4CD01B0D457A002C9C36 /* LaunchScreen.xib in Resources */,
				DB4C4CCD1B0D457A002C9C36 /* Images.xcassets in Resources */,
			);
			runOnlyForDeploymentPostprocessing = 0;
		};
		DB4C4CD31B0D457A002C9C36 /* Resources */ = {
			isa = PBXResourcesBuildPhase;
			buildActionMask = 2147483647;
			files = (
			);
			runOnlyForDeploymentPostprocessing = 0;
		};
/* End PBXResourcesBuildPhase section */

/* Begin PBXSourcesBuildPhase section */
		DB4C4CBC1B0D457A002C9C36 /* Sources */ = {
			isa = PBXSourcesBuildPhase;
			buildActionMask = 2147483647;
			files = (
				DB4C4CC81B0D457A002C9C36 /* ViewController.swift in Sources */,
				DB4C4CC61B0D457A002C9C36 /* AppDelegate.swift in Sources */,
			);
			runOnlyForDeploymentPostprocessing = 0;
		};
		DB4C4CD11B0D457A002C9C36 /* Sources */ = {
			isa = PBXSourcesBuildPhase;
			buildActionMask = 2147483647;
			files = (
				DB4C4CDC1B0D457A002C9C36 /* Postcard2Tests.swift in Sources */,
			);
			runOnlyForDeploymentPostprocessing = 0;
		};
/* End PBXSourcesBuildPhase section */

/* Begin PBXTargetDependency section */
		DB4C4CD71B0D457A002C9C36 /* PBXTargetDependency */ = {
			isa = PBXTargetDependency;
			target = DB4C4CBF1B0D457A002C9C36 /* Postcard2 */;
			targetProxy = DB4C4CD61B0D457A002C9C36 /* PBXContainerItemProxy */;
		};
/* End PBXTargetDependency section */

/* Begin PBXVariantGroup section */
		DB4C4CC91B0D457A002C9C36 /* Main.storyboard */ = {
			isa = PBXVariantGroup;
			children = (
				DB4C4CCA1B0D457A002C9C36 /* Base */,
			);
			name = Main.storyboard;
			sourceTree = "<group>";
		};
		DB4C4CCE1B0D457A002C9C36 /* LaunchScreen.xib */ = {
			isa = PBXVariantGroup;
			children = (
				DB4C4CCF1B0D457A002C9C36 /* Base */,
			);
			name = LaunchScreen.xib;
			sourceTree = "<group>";
		};
/* End PBXVariantGroup section */

/* Begin XCBuildConfiguration section */
		DB4C4CDD1B0D457A002C9C36 /* Debug */ = {
			isa = XCBuildConfiguration;
			buildSettings = {
				ALWAYS_SEARCH_USER_PATHS = NO;
				CLANG_CXX_LANGUAGE_STANDARD = "gnu++0x";
				CLANG_CXX_LIBRARY = "libc++";
				CLANG_ENABLE_MODULES = YES;
				CLANG_ENABLE_OBJC_ARC = YES;
				CLANG_WARN_BOOL_CONVERSION = YES;
				CLANG_WARN_CONSTANT_CONVERSION = YES;
				CLANG_WARN_DIRECT_OBJC_ISA_USAGE = YES_ERROR;
				CLANG_WARN_EMPTY_BODY = YES;
				CLANG_WARN_ENUM_CONVERSION = YES;
				CLANG_WARN_INT_CONVERSION = YES;
				CLANG_WARN_OBJC_ROOT_CLASS = YES_ERROR;
				CLANG_WARN_UNREACHABLE_CODE = YES;
				CLANG_WARN__DUPLICATE_METHOD_MATCH = YES;
				"CODE_SIGN_IDENTITY[sdk=iphoneos*]" = "iPhone Developer";
				COPY_PHASE_STRIP = NO;
				DEBUG_INFORMATION_FORMAT = "dwarf-with-dsym";
				ENABLE_STRICT_OBJC_MSGSEND = YES;
				GCC_C_LANGUAGE_STANDARD = gnu99;
				GCC_DYNAMIC_NO_PIC = NO;
				GCC_NO_COMMON_BLOCKS = YES;
				GCC_OPTIMIZATION_LEVEL = 0;
				GCC_PREPROCESSOR_DEFINITIONS = (
					"DEBUG=1",
					"$(inherited)",
				);
				GCC_SYMBOLS_PRIVATE_EXTERN = NO;
				GCC_WARN_64_TO_32_BIT_CONVERSION = YES;
				GCC_WARN_ABOUT_RETURN_TYPE = YES_ERROR;
				GCC_WARN_UNDECLARED_SELECTOR = YES;
				GCC_WARN_UNINITIALIZED_AUTOS = YES_AGGRESSIVE;
				GCC_WARN_UNUSED_FUNCTION = YES;
				GCC_WARN_UNUSED_VARIABLE = YES;
				IPHONEOS_DEPLOYMENT_TARGET = 8.3;
				MTL_ENABLE_DEBUG_INFO = YES;
				ONLY_ACTIVE_ARCH = YES;
				SDKROOT = iphoneos;
				SWIFT_OPTIMIZATION_LEVEL = "-Onone";
				TARGETED_DEVICE_FAMILY = "1,2";
			};
			name = Debug;
		};
		DB4C4CDE1B0D457A002C9C36 /* Release */ = {
			isa = XCBuildConfiguration;
			buildSettings = {
				ALWAYS_SEARCH_USER_PATHS = NO;
				CLANG_CXX_LANGUAGE_STANDARD = "gnu++0x";
				CLANG_CXX_LIBRARY = "libc++";
				CLANG_ENABLE_MODULES = YES;
				CLANG_ENABLE_OBJC_ARC = YES;
				CLANG_WARN_BOOL_CONVERSION = YES;
				CLANG_WARN_CONSTANT_CONVERSION = YES;
				CLANG_WARN_DIRECT_OBJC_ISA_USAGE = YES_ERROR;
				CLANG_WARN_EMPTY_BODY = YES;
				CLANG_WARN_ENUM_CONVERSION = YES;
				CLANG_WARN_INT_CONVERSION = YES;
				CLANG_WARN_OBJC_ROOT_CLASS = YES_ERROR;
				CLANG_WARN_UNREACHABLE_CODE = YES;
				CLANG_WARN__DUPLICATE_METHOD_MATCH = YES;
				"CODE_SIGN_IDENTITY[sdk=iphoneos*]" = "iPhone Developer";
				COPY_PHASE_STRIP = NO;
				DEBUG_INFORMATION_FORMAT = "dwarf-with-dsym";
				ENABLE_NS_ASSERTIONS = NO;
				ENABLE_STRICT_OBJC_MSGSEND = YES;
				GCC_C_LANGUAGE_STANDARD = gnu99;
				GCC_NO_COMMON_BLOCKS = YES;
				GCC_WARN_64_TO_32_BIT_CONVERSION = YES;
				GCC_WARN_ABOUT_RETURN_TYPE = YES_ERROR;
				GCC_WARN_UNDECLARED_SELECTOR = YES;
				GCC_WARN_UNINITIALIZED_AUTOS = YES_AGGRESSIVE;
				GCC_WARN_UNUSED_FUNCTION = YES;
				GCC_WARN_UNUSED_VARIABLE = YES;
				IPHONEOS_DEPLOYMENT_TARGET = 8.3;
				MTL_ENABLE_DEBUG_INFO = NO;
				SDKROOT = iphoneos;
				TARGETED_DEVICE_FAMILY = "1,2";
				VALIDATE_PRODUCT = YES;
			};
			name = Release;
		};
		DB4C4CE01B0D457A002C9C36 /* Debug */ = {
			isa = XCBuildConfiguration;
			buildSettings = {
				ASSETCATALOG_COMPILER_APPICON_NAME = AppIcon;
				INFOPLIST_FILE = Postcard2/Info.plist;
				LD_RUNPATH_SEARCH_PATHS = "$(inherited) @executable_path/Frameworks";
				PRODUCT_NAME = "$(TARGET_NAME)";
			};
			name = Debug;
		};
		DB4C4CE11B0D457A002C9C36 /* Release */ = {
			isa = XCBuildConfiguration;
			buildSettings = {
				ASSETCATALOG_COMPILER_APPICON_NAME = AppIcon;
				INFOPLIST_FILE = Postcard2/Info.plist;
				LD_RUNPATH_SEARCH_PATHS = "$(inherited) @executable_path/Frameworks";
				PRODUCT_NAME = "$(TARGET_NAME)";
			};
			name = Release;
		};
		DB4C4CE31B0D457A002C9C36 /* Debug */ = {
			isa = XCBuildConfiguration;
			buildSettings = {
				BUNDLE_LOADER = "$(TEST_HOST)";
				FRAMEWORK_SEARCH_PATHS = (
					"$(SDKROOT)/Developer/Library/Frameworks",
					"$(inherited)",
				);
				GCC_PREPROCESSOR_DEFINITIONS = (
					"DEBUG=1",
					"$(inherited)",
				);
				INFOPLIST_FILE = Postcard2Tests/Info.plist;
				LD_RUNPATH_SEARCH_PATHS = "$(inherited) @executable_path/Frameworks @loader_path/Frameworks";
				PRODUCT_NAME = "$(TARGET_NAME)";
				TEST_HOST = "$(BUILT_PRODUCTS_DIR)/Postcard2.app/Postcard2";
			};
			name = Debug;
		};
		DB4C4CE41B0D457A002C9C36 /* Release */ = {
			isa = XCBuildConfiguration;
			buildSettings = {
				BUNDLE_LOADER = "$(TEST_HOST)";
				FRAMEWORK_SEARCH_PATHS = (
					"$(SDKROOT)/Developer/Library/Frameworks",
					"$(inherited)",
				);
				INFOPLIST_FILE = Postcard2Tests/Info.plist;
				LD_RUNPATH_SEARCH_PATHS = "$(inherited) @executable_path/Frameworks @loader_path/Frameworks";
				PRODUCT_NAME = "$(TARGET_NAME)";
				TEST_HOST = "$(BUILT_PRODUCTS_DIR)/Postcard2.app/Postcard2";
			};
			name = Release;
		};
/* End XCBuildConfiguration section */

/* Begin XCConfigurationList section */
		DB4C4CBB1B0D457A002C9C36 /* Build configuration list for PBXProject "Postcard2" */ = {
			isa = XCConfigurationList;
			buildConfigurations = (
				DB4C4CDD1B0D457A002C9C36 /* Debug */,
				DB4C4CDE1B0D457A002C9C36 /* Release */,
			);
			defaultConfigurationIsVisible = 0;
			defaultConfigurationName = Release;
		};
		DB4C4CDF1B0D457A002C9C36 /* Build configuration list for PBXNativeTarget "Postcard2" */ = {
			isa = XCConfigurationList;
			buildConfigurations = (
				DB4C4CE01B0D457A002C9C36 /* Debug */,
				DB4C4CE11B0D457A002C9C36 /* Release */,
			);
			defaultConfigurationIsVisible = 0;
			defaultConfigurationName = Release;
		};
		DB4C4CE21B0D457A002C9C36 /* Build configuration list for PBXNativeTarget "Postcard2Tests" */ = {
			isa = XCConfigurationList;
			buildConfigurations = (
				DB4C4CE31B0D457A002C9C36 /* Debug */,
				DB4C4CE41B0D457A002C9C36 /* Release */,
			);
			defaultConfigurationIsVisible = 0;
			defaultConfigurationName = Release;
		};
/* End XCConfigurationList section */
	};
	rootObject = DB4C4CB81B0D457A002C9C36 /* Project object */;
}
